// !$*UTF8*$!
{
	archiveVersion = 1;
	classes = {
	};
	objectVersion = 50;
	objects = {

/* Begin PBXBuildFile section */
		C478979C26201A3E009CEB7F /* AppDelegate.swift in Sources */ = {isa = PBXBuildFile; fileRef = C478979B26201A3E009CEB7F /* AppDelegate.swift */; };
		C478979E26201A3E009CEB7F /* SceneDelegate.swift in Sources */ = {isa = PBXBuildFile; fileRef = C478979D26201A3E009CEB7F /* SceneDelegate.swift */; };
		C47897A026201A3E009CEB7F /* ViewController.swift in Sources */ = {isa = PBXBuildFile; fileRef = C478979F26201A3E009CEB7F /* ViewController.swift */; };
		C47897A326201A3E009CEB7F /* Main.storyboard in Resources */ = {isa = PBXBuildFile; fileRef = C47897A126201A3E009CEB7F /* Main.storyboard */; };
		C47897A526201A42009CEB7F /* Assets.xcassets in Resources */ = {isa = PBXBuildFile; fileRef = C47897A426201A42009CEB7F /* Assets.xcassets */; };
		C47897A826201A42009CEB7F /* LaunchScreen.storyboard in Resources */ = {isa = PBXBuildFile; fileRef = C47897A626201A42009CEB7F /* LaunchScreen.storyboard */; };
		C47897B326201A42009CEB7F /* TDDUnitTestingTests.swift in Sources */ = {isa = PBXBuildFile; fileRef = C47897B226201A42009CEB7F /* TDDUnitTestingTests.swift */; };
		C47897BE26201A42009CEB7F /* TDDUnitTestingUITests.swift in Sources */ = {isa = PBXBuildFile; fileRef = C47897BD26201A42009CEB7F /* TDDUnitTestingUITests.swift */; };
/* End PBXBuildFile section */

/* Begin PBXContainerItemProxy section */
		C47897AF26201A42009CEB7F /* PBXContainerItemProxy */ = {
			isa = PBXContainerItemProxy;
			containerPortal = C478979026201A3E009CEB7F /* Project object */;
			proxyType = 1;
			remoteGlobalIDString = C478979726201A3E009CEB7F;
			remoteInfo = TDDUnitTesting;
		};
		C47897BA26201A42009CEB7F /* PBXContainerItemProxy */ = {
			isa = PBXContainerItemProxy;
			containerPortal = C478979026201A3E009CEB7F /* Project object */;
			proxyType = 1;
			remoteGlobalIDString = C478979726201A3E009CEB7F;
			remoteInfo = TDDUnitTesting;
		};
/* End PBXContainerItemProxy section */

/* Begin PBXFileReference section */
		C478979826201A3E009CEB7F /* TDDUnitTesting.app */ = {isa = PBXFileReference; explicitFileType = wrapper.application; includeInIndex = 0; path = TDDUnitTesting.app; sourceTree = BUILT_PRODUCTS_DIR; };
		C478979B26201A3E009CEB7F /* AppDelegate.swift */ = {isa = PBXFileReference; lastKnownFileType = sourcecode.swift; path = AppDelegate.swift; sourceTree = "<group>"; };
		C478979D26201A3E009CEB7F /* SceneDelegate.swift */ = {isa = PBXFileReference; lastKnownFileType = sourcecode.swift; path = SceneDelegate.swift; sourceTree = "<group>"; };
		C478979F26201A3E009CEB7F /* ViewController.swift */ = {isa = PBXFileReference; lastKnownFileType = sourcecode.swift; path = ViewController.swift; sourceTree = "<group>"; };
		C47897A226201A3E009CEB7F /* Base */ = {isa = PBXFileReference; lastKnownFileType = file.storyboard; name = Base; path = Base.lproj/Main.storyboard; sourceTree = "<group>"; };
		C47897A426201A42009CEB7F /* Assets.xcassets */ = {isa = PBXFileReference; lastKnownFileType = folder.assetcatalog; path = Assets.xcassets; sourceTree = "<group>"; };
		C47897A726201A42009CEB7F /* Base */ = {isa = PBXFileReference; lastKnownFileType = file.storyboard; name = Base; path = Base.lproj/LaunchScreen.storyboard; sourceTree = "<group>"; };
		C47897A926201A42009CEB7F /* Info.plist */ = {isa = PBXFileReference; lastKnownFileType = text.plist.xml; path = Info.plist; sourceTree = "<group>"; };
		C47897AE26201A42009CEB7F /* TDDUnitTestingTests.xctest */ = {isa = PBXFileReference; explicitFileType = wrapper.cfbundle; includeInIndex = 0; path = TDDUnitTestingTests.xctest; sourceTree = BUILT_PRODUCTS_DIR; };
		C47897B226201A42009CEB7F /* TDDUnitTestingTests.swift */ = {isa = PBXFileReference; lastKnownFileType = sourcecode.swift; path = TDDUnitTestingTests.swift; sourceTree = "<group>"; };
		C47897B426201A42009CEB7F /* Info.plist */ = {isa = PBXFileReference; lastKnownFileType = text.plist.xml; path = Info.plist; sourceTree = "<group>"; };
		C47897B926201A42009CEB7F /* TDDUnitTestingUITests.xctest */ = {isa = PBXFileReference; explicitFileType = wrapper.cfbundle; includeInIndex = 0; path = TDDUnitTestingUITests.xctest; sourceTree = BUILT_PRODUCTS_DIR; };
		C47897BD26201A42009CEB7F /* TDDUnitTestingUITests.swift */ = {isa = PBXFileReference; lastKnownFileType = sourcecode.swift; path = TDDUnitTestingUITests.swift; sourceTree = "<group>"; };
		C47897BF26201A42009CEB7F /* Info.plist */ = {isa = PBXFileReference; lastKnownFileType = text.plist.xml; path = Info.plist; sourceTree = "<group>"; };
/* End PBXFileReference section */

/* Begin PBXFrameworksBuildPhase section */
		C478979526201A3E009CEB7F /* Frameworks */ = {
			isa = PBXFrameworksBuildPhase;
			buildActionMask = 2147483647;
			files = (
			);
			runOnlyForDeploymentPostprocessing = 0;
		};
		C47897AB26201A42009CEB7F /* Frameworks */ = {
			isa = PBXFrameworksBuildPhase;
			buildActionMask = 2147483647;
			files = (
			);
			runOnlyForDeploymentPostprocessing = 0;
		};
		C47897B626201A42009CEB7F /* Frameworks */ = {
			isa = PBXFrameworksBuildPhase;
			buildActionMask = 2147483647;
			files = (
			);
			runOnlyForDeploymentPostprocessing = 0;
		};
/* End PBXFrameworksBuildPhase section */

/* Begin PBXGroup section */
		C400491D262560C400009A79 /* Model */ = {
			isa = PBXGroup;
			children = (
			);
			path = Model;
			sourceTree = "<group>";
		};
		C400491E262560D300009A79 /* View */ = {
			isa = PBXGroup;
			children = (
			);
			path = View;
			sourceTree = "<group>";
		};
		C400491F262560D800009A79 /* Controller */ = {
			isa = PBXGroup;
			children = (
				C478979F26201A3E009CEB7F /* ViewController.swift */,
			);
			path = Controller;
			sourceTree = "<group>";
		};
		C4004920262560FE00009A79 /* Supporting files */ = {
			isa = PBXGroup;
			children = (
				C478979B26201A3E009CEB7F /* AppDelegate.swift */,
				C478979D26201A3E009CEB7F /* SceneDelegate.swift */,
				C47897A126201A3E009CEB7F /* Main.storyboard */,
				C47897A426201A42009CEB7F /* Assets.xcassets */,
				C47897A626201A42009CEB7F /* LaunchScreen.storyboard */,
				C47897A926201A42009CEB7F /* Info.plist */,
			);
			path = "Supporting files";
			sourceTree = "<group>";
		};
		C478978F26201A3E009CEB7F = {
			isa = PBXGroup;
			children = (
				C478979A26201A3E009CEB7F /* TDDUnitTesting */,
				C47897B126201A42009CEB7F /* TDDUnitTestingTests */,
				C47897BC26201A42009CEB7F /* TDDUnitTestingUITests */,
				C478979926201A3E009CEB7F /* Products */,
			);
			sourceTree = "<group>";
		};
		C478979926201A3E009CEB7F /* Products */ = {
			isa = PBXGroup;
			children = (
				C478979826201A3E009CEB7F /* TDDUnitTesting.app */,
				C47897AE26201A42009CEB7F /* TDDUnitTestingTests.xctest */,
				C47897B926201A42009CEB7F /* TDDUnitTestingUITests.xctest */,
			);
			name = Products;
			sourceTree = "<group>";
		};
		C478979A26201A3E009CEB7F /* TDDUnitTesting */ = {
			isa = PBXGroup;
			children = (
				C400491D262560C400009A79 /* Model */,
				C400491E262560D300009A79 /* View */,
				C400491F262560D800009A79 /* Controller */,
				C4004920262560FE00009A79 /* Supporting files */,
			);
			path = TDDUnitTesting;
			sourceTree = "<group>";
		};
		C47897B126201A42009CEB7F /* TDDUnitTestingTests */ = {
			isa = PBXGroup;
			children = (
				C47897B226201A42009CEB7F /* TDDUnitTestingTests.swift */,
				C47897B426201A42009CEB7F /* Info.plist */,
			);
			path = TDDUnitTestingTests;
			sourceTree = "<group>";
		};
		C47897BC26201A42009CEB7F /* TDDUnitTestingUITests */ = {
			isa = PBXGroup;
			children = (
				C47897BD26201A42009CEB7F /* TDDUnitTestingUITests.swift */,
				C47897BF26201A42009CEB7F /* Info.plist */,
			);
			path = TDDUnitTestingUITests;
			sourceTree = "<group>";
		};
/* End PBXGroup section */

/* Begin PBXNativeTarget section */
		C478979726201A3E009CEB7F /* TDDUnitTesting */ = {
			isa = PBXNativeTarget;
			buildConfigurationList = C47897C226201A42009CEB7F /* Build configuration list for PBXNativeTarget "TDDUnitTesting" */;
			buildPhases = (
				C478979426201A3E009CEB7F /* Sources */,
				C478979526201A3E009CEB7F /* Frameworks */,
				C478979626201A3E009CEB7F /* Resources */,
			);
			buildRules = (
			);
			dependencies = (
			);
			name = TDDUnitTesting;
			productName = TDDUnitTesting;
			productReference = C478979826201A3E009CEB7F /* TDDUnitTesting.app */;
			productType = "com.apple.product-type.application";
		};
		C47897AD26201A42009CEB7F /* TDDUnitTestingTests */ = {
			isa = PBXNativeTarget;
			buildConfigurationList = C47897C526201A42009CEB7F /* Build configuration list for PBXNativeTarget "TDDUnitTestingTests" */;
			buildPhases = (
				C47897AA26201A42009CEB7F /* Sources */,
				C47897AB26201A42009CEB7F /* Frameworks */,
				C47897AC26201A42009CEB7F /* Resources */,
			);
			buildRules = (
			);
			dependencies = (
				C47897B026201A42009CEB7F /* PBXTargetDependency */,
			);
			name = TDDUnitTestingTests;
			productName = TDDUnitTestingTests;
			productReference = C47897AE26201A42009CEB7F /* TDDUnitTestingTests.xctest */;
			productType = "com.apple.product-type.bundle.unit-test";
		};
		C47897B826201A42009CEB7F /* TDDUnitTestingUITests */ = {
			isa = PBXNativeTarget;
			buildConfigurationList = C47897C826201A42009CEB7F /* Build configuration list for PBXNativeTarget "TDDUnitTestingUITests" */;
			buildPhases = (
				C47897B526201A42009CEB7F /* Sources */,
				C47897B626201A42009CEB7F /* Frameworks */,
				C47897B726201A42009CEB7F /* Resources */,
			);
			buildRules = (
			);
			dependencies = (
				C47897BB26201A42009CEB7F /* PBXTargetDependency */,
			);
			name = TDDUnitTestingUITests;
			productName = TDDUnitTestingUITests;
			productReference = C47897B926201A42009CEB7F /* TDDUnitTestingUITests.xctest */;
			productType = "com.apple.product-type.bundle.ui-testing";
		};
/* End PBXNativeTarget section */

/* Begin PBXProject section */
		C478979026201A3E009CEB7F /* Project object */ = {
			isa = PBXProject;
			attributes = {
				LastSwiftUpdateCheck = 1230;
				LastUpgradeCheck = 1230;
				TargetAttributes = {
					C478979726201A3E009CEB7F = {
						CreatedOnToolsVersion = 12.3;
					};
					C47897AD26201A42009CEB7F = {
						CreatedOnToolsVersion = 12.3;
						TestTargetID = C478979726201A3E009CEB7F;
					};
					C47897B826201A42009CEB7F = {
						CreatedOnToolsVersion = 12.3;
						TestTargetID = C478979726201A3E009CEB7F;
					};
				};
			};
			buildConfigurationList = C478979326201A3E009CEB7F /* Build configuration list for PBXProject "TDDUnitTesting" */;
			compatibilityVersion = "Xcode 9.3";
			developmentRegion = en;
			hasScannedForEncodings = 0;
			knownRegions = (
				en,
				Base,
			);
			mainGroup = C478978F26201A3E009CEB7F;
			productRefGroup = C478979926201A3E009CEB7F /* Products */;
			projectDirPath = "";
			projectRoot = "";
			targets = (
				C478979726201A3E009CEB7F /* TDDUnitTesting */,
				C47897AD26201A42009CEB7F /* TDDUnitTestingTests */,
				C47897B826201A42009CEB7F /* TDDUnitTestingUITests */,
			);
		};
/* End PBXProject section */

/* Begin PBXResourcesBuildPhase section */
		C478979626201A3E009CEB7F /* Resources */ = {
			isa = PBXResourcesBuildPhase;
			buildActionMask = 2147483647;
			files = (
				C47897A826201A42009CEB7F /* LaunchScreen.storyboard in Resources */,
				C47897A526201A42009CEB7F /* Assets.xcassets in Resources */,
				C47897A326201A3E009CEB7F /* Main.storyboard in Resources */,
			);
			runOnlyForDeploymentPostprocessing = 0;
		};
		C47897AC26201A42009CEB7F /* Resources */ = {
			isa = PBXResourcesBuildPhase;
			buildActionMask = 2147483647;
			files = (
			);
			runOnlyForDeploymentPostprocessing = 0;
		};
		C47897B726201A42009CEB7F /* Resources */ = {
			isa = PBXResourcesBuildPhase;
			buildActionMask = 2147483647;
			files = (
			);
			runOnlyForDeploymentPostprocessing = 0;
		};
/* End PBXResourcesBuildPhase section */

/* Begin PBXSourcesBuildPhase section */
		C478979426201A3E009CEB7F /* Sources */ = {
			isa = PBXSourcesBuildPhase;
			buildActionMask = 2147483647;
			files = (
				C47897A026201A3E009CEB7F /* ViewController.swift in Sources */,
				C478979C26201A3E009CEB7F /* AppDelegate.swift in Sources */,
				C478979E26201A3E009CEB7F /* SceneDelegate.swift in Sources */,
			);
			runOnlyForDeploymentPostprocessing = 0;
		};
		C47897AA26201A42009CEB7F /* Sources */ = {
			isa = PBXSourcesBuildPhase;
			buildActionMask = 2147483647;
			files = (
				C47897B326201A42009CEB7F /* TDDUnitTestingTests.swift in Sources */,
			);
			runOnlyForDeploymentPostprocessing = 0;
		};
		C47897B526201A42009CEB7F /* Sources */ = {
			isa = PBXSourcesBuildPhase;
			buildActionMask = 2147483647;
			files = (
				C47897BE26201A42009CEB7F /* TDDUnitTestingUITests.swift in Sources */,
			);
			runOnlyForDeploymentPostprocessing = 0;
		};
/* End PBXSourcesBuildPhase section */

/* Begin PBXTargetDependency section */
		C47897B026201A42009CEB7F /* PBXTargetDependency */ = {
			isa = PBXTargetDependency;
			target = C478979726201A3E009CEB7F /* TDDUnitTesting */;
			targetProxy = C47897AF26201A42009CEB7F /* PBXContainerItemProxy */;
		};
		C47897BB26201A42009CEB7F /* PBXTargetDependency */ = {
			isa = PBXTargetDependency;
			target = C478979726201A3E009CEB7F /* TDDUnitTesting */;
			targetProxy = C47897BA26201A42009CEB7F /* PBXContainerItemProxy */;
		};
/* End PBXTargetDependency section */

/* Begin PBXVariantGroup section */
		C47897A126201A3E009CEB7F /* Main.storyboard */ = {
			isa = PBXVariantGroup;
			children = (
				C47897A226201A3E009CEB7F /* Base */,
			);
			name = Main.storyboard;
			sourceTree = "<group>";
		};
		C47897A626201A42009CEB7F /* LaunchScreen.storyboard */ = {
			isa = PBXVariantGroup;
			children = (
				C47897A726201A42009CEB7F /* Base */,
			);
			name = LaunchScreen.storyboard;
			sourceTree = "<group>";
		};
/* End PBXVariantGroup section */

/* Begin XCBuildConfiguration section */
		C47897C026201A42009CEB7F /* Debug */ = {
			isa = XCBuildConfiguration;
			buildSettings = {
				ALWAYS_SEARCH_USER_PATHS = NO;
				CLANG_ANALYZER_NONNULL = YES;
				CLANG_ANALYZER_NUMBER_OBJECT_CONVERSION = YES_AGGRESSIVE;
				CLANG_CXX_LANGUAGE_STANDARD = "gnu++14";
				CLANG_CXX_LIBRARY = "libc++";
				CLANG_ENABLE_MODULES = YES;
				CLANG_ENABLE_OBJC_ARC = YES;
				CLANG_ENABLE_OBJC_WEAK = YES;
				CLANG_WARN_BLOCK_CAPTURE_AUTORELEASING = YES;
				CLANG_WARN_BOOL_CONVERSION = YES;
				CLANG_WARN_COMMA = YES;
				CLANG_WARN_CONSTANT_CONVERSION = YES;
				CLANG_WARN_DEPRECATED_OBJC_IMPLEMENTATIONS = YES;
				CLANG_WARN_DIRECT_OBJC_ISA_USAGE = YES_ERROR;
				CLANG_WARN_DOCUMENTATION_COMMENTS = YES;
				CLANG_WARN_EMPTY_BODY = YES;
				CLANG_WARN_ENUM_CONVERSION = YES;
				CLANG_WARN_INFINITE_RECURSION = YES;
				CLANG_WARN_INT_CONVERSION = YES;
				CLANG_WARN_NON_LITERAL_NULL_CONVERSION = YES;
				CLANG_WARN_OBJC_IMPLICIT_RETAIN_SELF = YES;
				CLANG_WARN_OBJC_LITERAL_CONVERSION = YES;
				CLANG_WARN_OBJC_ROOT_CLASS = YES_ERROR;
				CLANG_WARN_QUOTED_INCLUDE_IN_FRAMEWORK_HEADER = YES;
				CLANG_WARN_RANGE_LOOP_ANALYSIS = YES;
				CLANG_WARN_STRICT_PROTOTYPES = YES;
				CLANG_WARN_SUSPICIOUS_MOVE = YES;
				CLANG_WARN_UNGUARDED_AVAILABILITY = YES_AGGRESSIVE;
				CLANG_WARN_UNREACHABLE_CODE = YES;
				CLANG_WARN__DUPLICATE_METHOD_MATCH = YES;
				COPY_PHASE_STRIP = NO;
				DEBUG_INFORMATION_FORMAT = dwarf;
				ENABLE_STRICT_OBJC_MSGSEND = YES;
				ENABLE_TESTABILITY = YES;
				GCC_C_LANGUAGE_STANDARD = gnu11;
				GCC_DYNAMIC_NO_PIC = NO;
				GCC_NO_COMMON_BLOCKS = YES;
				GCC_OPTIMIZATION_LEVEL = 0;
				GCC_PREPROCESSOR_DEFINITIONS = (
					"DEBUG=1",
					"$(inherited)",
				);
				GCC_WARN_64_TO_32_BIT_CONVERSION = YES;
				GCC_WARN_ABOUT_RETURN_TYPE = YES_ERROR;
				GCC_WARN_UNDECLARED_SELECTOR = YES;
				GCC_WARN_UNINITIALIZED_AUTOS = YES_AGGRESSIVE;
				GCC_WARN_UNUSED_FUNCTION = YES;
				GCC_WARN_UNUSED_VARIABLE = YES;
				IPHONEOS_DEPLOYMENT_TARGET = 14.3;
				MTL_ENABLE_DEBUG_INFO = INCLUDE_SOURCE;
				MTL_FAST_MATH = YES;
				ONLY_ACTIVE_ARCH = YES;
				SDKROOT = iphoneos;
				SWIFT_ACTIVE_COMPILATION_CONDITIONS = DEBUG;
				SWIFT_OPTIMIZATION_LEVEL = "-Onone";
			};
			name = Debug;
		};
		C47897C126201A42009CEB7F /* Release */ = {
			isa = XCBuildConfiguration;
			buildSettings = {
				ALWAYS_SEARCH_USER_PATHS = NO;
				CLANG_ANALYZER_NONNULL = YES;
				CLANG_ANALYZER_NUMBER_OBJECT_CONVERSION = YES_AGGRESSIVE;
				CLANG_CXX_LANGUAGE_STANDARD = "gnu++14";
				CLANG_CXX_LIBRARY = "libc++";
				CLANG_ENABLE_MODULES = YES;
				CLANG_ENABLE_OBJC_ARC = YES;
				CLANG_ENABLE_OBJC_WEAK = YES;
				CLANG_WARN_BLOCK_CAPTURE_AUTORELEASING = YES;
				CLANG_WARN_BOOL_CONVERSION = YES;
				CLANG_WARN_COMMA = YES;
				CLANG_WARN_CONSTANT_CONVERSION = YES;
				CLANG_WARN_DEPRECATED_OBJC_IMPLEMENTATIONS = YES;
				CLANG_WARN_DIRECT_OBJC_ISA_USAGE = YES_ERROR;
				CLANG_WARN_DOCUMENTATION_COMMENTS = YES;
				CLANG_WARN_EMPTY_BODY = YES;
				CLANG_WARN_ENUM_CONVERSION = YES;
				CLANG_WARN_INFINITE_RECURSION = YES;
				CLANG_WARN_INT_CONVERSION = YES;
				CLANG_WARN_NON_LITERAL_NULL_CONVERSION = YES;
				CLANG_WARN_OBJC_IMPLICIT_RETAIN_SELF = YES;
				CLANG_WARN_OBJC_LITERAL_CONVERSION = YES;
				CLANG_WARN_OBJC_ROOT_CLASS = YES_ERROR;
				CLANG_WARN_QUOTED_INCLUDE_IN_FRAMEWORK_HEADER = YES;
				CLANG_WARN_RANGE_LOOP_ANALYSIS = YES;
				CLANG_WARN_STRICT_PROTOTYPES = YES;
				CLANG_WARN_SUSPICIOUS_MOVE = YES;
				CLANG_WARN_UNGUARDED_AVAILABILITY = YES_AGGRESSIVE;
				CLANG_WARN_UNREACHABLE_CODE = YES;
				CLANG_WARN__DUPLICATE_METHOD_MATCH = YES;
				COPY_PHASE_STRIP = NO;
				DEBUG_INFORMATION_FORMAT = "dwarf-with-dsym";
				ENABLE_NS_ASSERTIONS = NO;
				ENABLE_STRICT_OBJC_MSGSEND = YES;
				GCC_C_LANGUAGE_STANDARD = gnu11;
				GCC_NO_COMMON_BLOCKS = YES;
				GCC_WARN_64_TO_32_BIT_CONVERSION = YES;
				GCC_WARN_ABOUT_RETURN_TYPE = YES_ERROR;
				GCC_WARN_UNDECLARED_SELECTOR = YES;
				GCC_WARN_UNINITIALIZED_AUTOS = YES_AGGRESSIVE;
				GCC_WARN_UNUSED_FUNCTION = YES;
				GCC_WARN_UNUSED_VARIABLE = YES;
				IPHONEOS_DEPLOYMENT_TARGET = 14.3;
				MTL_ENABLE_DEBUG_INFO = NO;
				MTL_FAST_MATH = YES;
				SDKROOT = iphoneos;
				SWIFT_COMPILATION_MODE = wholemodule;
				SWIFT_OPTIMIZATION_LEVEL = "-O";
				VALIDATE_PRODUCT = YES;
			};
			name = Release;
		};
		C47897C326201A42009CEB7F /* Debug */ = {
			isa = XCBuildConfiguration;
			buildSettings = {
				ASSETCATALOG_COMPILER_APPICON_NAME = AppIcon;
				ASSETCATALOG_COMPILER_GLOBAL_ACCENT_COLOR_NAME = AccentColor;
				CODE_SIGN_STYLE = Automatic;
				DEVELOPMENT_TEAM = KP4A68PJ98;
				INFOPLIST_FILE = TDDUnitTesting/Info.plist;
				LD_RUNPATH_SEARCH_PATHS = (
					"$(inherited)",
					"@executable_path/Frameworks",
				);
				PRODUCT_BUNDLE_IDENTIFIER = izzyumkin.TDDUnitTesting;
				PRODUCT_NAME = "$(TARGET_NAME)";
				SWIFT_VERSION = 5.0;
				TARGETED_DEVICE_FAMILY = "1,2";
			};
			name = Debug;
		};
		C47897C426201A42009CEB7F /* Release */ = {
			isa = XCBuildConfiguration;
			buildSettings = {
				ASSETCATALOG_COMPILER_APPICON_NAME = AppIcon;
				ASSETCATALOG_COMPILER_GLOBAL_ACCENT_COLOR_NAME = AccentColor;
				CODE_SIGN_STYLE = Automatic;
				DEVELOPMENT_TEAM = KP4A68PJ98;
				INFOPLIST_FILE = TDDUnitTesting/Info.plist;
				LD_RUNPATH_SEARCH_PATHS = (
					"$(inherited)",
					"@executable_path/Frameworks",
				);
				PRODUCT_BUNDLE_IDENTIFIER = izzyumkin.TDDUnitTesting;
				PRODUCT_NAME = "$(TARGET_NAME)";
				SWIFT_VERSION = 5.0;
				TARGETED_DEVICE_FAMILY = "1,2";
			};
			name = Release;
		};
		C47897C626201A42009CEB7F /* Debug */ = {
			isa = XCBuildConfiguration;
			buildSettings = {
				ALWAYS_EMBED_SWIFT_STANDARD_LIBRARIES = YES;
				BUNDLE_LOADER = "$(TEST_HOST)";
				CODE_SIGN_STYLE = Automatic;
				DEVELOPMENT_TEAM = KP4A68PJ98;
				INFOPLIST_FILE = TDDUnitTestingTests/Info.plist;
				IPHONEOS_DEPLOYMENT_TARGET = 14.3;
				LD_RUNPATH_SEARCH_PATHS = (
					"$(inherited)",
					"@executable_path/Frameworks",
					"@loader_path/Frameworks",
				);
				PRODUCT_BUNDLE_IDENTIFIER = izzyumkin.TDDUnitTestingTests;
				PRODUCT_NAME = "$(TARGET_NAME)";
				SWIFT_VERSION = 5.0;
				TARGETED_DEVICE_FAMILY = "1,2";
				TEST_HOST = "$(BUILT_PRODUCTS_DIR)/TDDUnitTesting.app/TDDUnitTesting";
			};
			name = Debug;
		};
		C47897C726201A42009CEB7F /* Release */ = {
			isa = XCBuildConfiguration;
			buildSettings = {
				ALWAYS_EMBED_SWIFT_STANDARD_LIBRARIES = YES;
				BUNDLE_LOADER = "$(TEST_HOST)";
				CODE_SIGN_STYLE = Automatic;
				DEVELOPMENT_TEAM = KP4A68PJ98;
				INFOPLIST_FILE = TDDUnitTestingTests/Info.plist;
				IPHONEOS_DEPLOYMENT_TARGET = 14.3;
				LD_RUNPATH_SEARCH_PATHS = (
					"$(inherited)",
					"@executable_path/Frameworks",
					"@loader_path/Frameworks",
				);
				PRODUCT_BUNDLE_IDENTIFIER = izzyumkin.TDDUnitTestingTests;
				PRODUCT_NAME = "$(TARGET_NAME)";
				SWIFT_VERSION = 5.0;
				TARGETED_DEVICE_FAMILY = "1,2";
				TEST_HOST = "$(BUILT_PRODUCTS_DIR)/TDDUnitTesting.app/TDDUnitTesting";
			};
			name = Release;
		};
		C47897C926201A42009CEB7F /* Debug */ = {
			isa = XCBuildConfiguration;
			buildSettings = {
				ALWAYS_EMBED_SWIFT_STANDARD_LIBRARIES = YES;
				CODE_SIGN_STYLE = Automatic;
				DEVELOPMENT_TEAM = KP4A68PJ98;
				INFOPLIST_FILE = TDDUnitTestingUITests/Info.plist;
				LD_RUNPATH_SEARCH_PATHS = (
					"$(inherited)",
					"@executable_path/Frameworks",
					"@loader_path/Frameworks",
				);
				PRODUCT_BUNDLE_IDENTIFIER = izzyumkin.TDDUnitTestingUITests;
				PRODUCT_NAME = "$(TARGET_NAME)";
				SWIFT_VERSION = 5.0;
				TARGETED_DEVICE_FAMILY = "1,2";
				TEST_TARGET_NAME = TDDUnitTesting;
			};
			name = Debug;
		};
		C47897CA26201A42009CEB7F /* Release */ = {
			isa = XCBuildConfiguration;
			buildSettings = {
				ALWAYS_EMBED_SWIFT_STANDARD_LIBRARIES = YES;
				CODE_SIGN_STYLE = Automatic;
				DEVELOPMENT_TEAM = KP4A68PJ98;
				INFOPLIST_FILE = TDDUnitTestingUITests/Info.plist;
				LD_RUNPATH_SEARCH_PATHS = (
					"$(inherited)",
					"@executable_path/Frameworks",
					"@loader_path/Frameworks",
				);
				PRODUCT_BUNDLE_IDENTIFIER = izzyumkin.TDDUnitTestingUITests;
				PRODUCT_NAME = "$(TARGET_NAME)";
				SWIFT_VERSION = 5.0;
				TARGETED_DEVICE_FAMILY = "1,2";
				TEST_TARGET_NAME = TDDUnitTesting;
			};
			name = Release;
		};
/* End XCBuildConfiguration section */

/* Begin XCConfigurationList section */
		C478979326201A3E009CEB7F /* Build configuration list for PBXProject "TDDUnitTesting" */ = {
			isa = XCConfigurationList;
			buildConfigurations = (
				C47897C026201A42009CEB7F /* Debug */,
				C47897C126201A42009CEB7F /* Release */,
			);
			defaultConfigurationIsVisible = 0;
			defaultConfigurationName = Release;
		};
		C47897C226201A42009CEB7F /* Build configuration list for PBXNativeTarget "TDDUnitTesting" */ = {
			isa = XCConfigurationList;
			buildConfigurations = (
				C47897C326201A42009CEB7F /* Debug */,
				C47897C426201A42009CEB7F /* Release */,
			);
			defaultConfigurationIsVisible = 0;
			defaultConfigurationName = Release;
		};
		C47897C526201A42009CEB7F /* Build configuration list for PBXNativeTarget "TDDUnitTestingTests" */ = {
			isa = XCConfigurationList;
			buildConfigurations = (
				C47897C626201A42009CEB7F /* Debug */,
				C47897C726201A42009CEB7F /* Release */,
			);
			defaultConfigurationIsVisible = 0;
			defaultConfigurationName = Release;
		};
		C47897C826201A42009CEB7F /* Build configuration list for PBXNativeTarget "TDDUnitTestingUITests" */ = {
			isa = XCConfigurationList;
			buildConfigurations = (
				C47897C926201A42009CEB7F /* Debug */,
				C47897CA26201A42009CEB7F /* Release */,
			);
			defaultConfigurationIsVisible = 0;
			defaultConfigurationName = Release;
		};
/* End XCConfigurationList section */
	};
	rootObject = C478979026201A3E009CEB7F /* Project object */;
}
